// !$*UTF8*$!
{
	archiveVersion = 1;
	classes = {
	};
	objectVersion = 48;
	objects = {

/* Begin PBXBuildFile section */
		A82A375E217B5E6400D55C08 /* LOG INViewController.swift in Sources */ = {isa = PBXBuildFile; fileRef = A82A375D217B5E6400D55C08 /* LOG INViewController.swift */; };
		A82A3760217B5F0100D55C08 /* Create a facebook accoutViewController.swift in Sources */ = {isa = PBXBuildFile; fileRef = A82A375F217B5F0100D55C08 /* Create a facebook accoutViewController.swift */; };
		A82A3762217B5F4100D55C08 /* Home ViewController.swift in Sources */ = {isa = PBXBuildFile; fileRef = A82A3761217B5F4100D55C08 /* Home ViewController.swift */; };
		A8DFF5022178EC170044A786 /* AppDelegate.swift in Sources */ = {isa = PBXBuildFile; fileRef = A8DFF5012178EC170044A786 /* AppDelegate.swift */; };
		A8DFF5042178EC170044A786 /* ViewController.swift in Sources */ = {isa = PBXBuildFile; fileRef = A8DFF5032178EC170044A786 /* ViewController.swift */; };
		A8DFF5072178EC170044A786 /* Main.storyboard in Resources */ = {isa = PBXBuildFile; fileRef = A8DFF5052178EC170044A786 /* Main.storyboard */; };
		A8DFF50A2178EC170044A786 /* login_Facebook.xcdatamodeld in Sources */ = {isa = PBXBuildFile; fileRef = A8DFF5082178EC170044A786 /* login_Facebook.xcdatamodeld */; };
		A8DFF50C2178EC170044A786 /* Assets.xcassets in Resources */ = {isa = PBXBuildFile; fileRef = A8DFF50B2178EC170044A786 /* Assets.xcassets */; };
		A8DFF50F2178EC170044A786 /* LaunchScreen.storyboard in Resources */ = {isa = PBXBuildFile; fileRef = A8DFF50D2178EC170044A786 /* LaunchScreen.storyboard */; };
/* End PBXBuildFile section */

/* Begin PBXFileReference section */
		A82A375D217B5E6400D55C08 /* LOG INViewController.swift */ = {isa = PBXFileReference; lastKnownFileType = sourcecode.swift; path = "LOG INViewController.swift"; sourceTree = "<group>"; };
		A82A375F217B5F0100D55C08 /* Create a facebook accoutViewController.swift */ = {isa = PBXFileReference; lastKnownFileType = sourcecode.swift; path = "Create a facebook accoutViewController.swift"; sourceTree = "<group>"; };
		A82A3761217B5F4100D55C08 /* Home ViewController.swift */ = {isa = PBXFileReference; lastKnownFileType = sourcecode.swift; path = "Home ViewController.swift"; sourceTree = "<group>"; };
		A8DFF4FE2178EC170044A786 /* login Facebook.app */ = {isa = PBXFileReference; explicitFileType = wrapper.application; includeInIndex = 0; path = "login Facebook.app"; sourceTree = BUILT_PRODUCTS_DIR; };
		A8DFF5012178EC170044A786 /* AppDelegate.swift */ = {isa = PBXFileReference; lastKnownFileType = sourcecode.swift; path = AppDelegate.swift; sourceTree = "<group>"; };
		A8DFF5032178EC170044A786 /* ViewController.swift */ = {isa = PBXFileReference; lastKnownFileType = sourcecode.swift; path = ViewController.swift; sourceTree = "<group>"; };
		A8DFF5062178EC170044A786 /* Base */ = {isa = PBXFileReference; lastKnownFileType = file.storyboard; name = Base; path = Base.lproj/Main.storyboard; sourceTree = "<group>"; };
		A8DFF5092178EC170044A786 /* login_Facebook.xcdatamodel */ = {isa = PBXFileReference; lastKnownFileType = wrapper.xcdatamodel; path = login_Facebook.xcdatamodel; sourceTree = "<group>"; };
		A8DFF50B2178EC170044A786 /* Assets.xcassets */ = {isa = PBXFileReference; lastKnownFileType = folder.assetcatalog; path = Assets.xcassets; sourceTree = "<group>"; };
		A8DFF50E2178EC170044A786 /* Base */ = {isa = PBXFileReference; lastKnownFileType = file.storyboard; name = Base; path = Base.lproj/LaunchScreen.storyboard; sourceTree = "<group>"; };
		A8DFF5102178EC170044A786 /* Info.plist */ = {isa = PBXFileReference; lastKnownFileType = text.plist.xml; path = Info.plist; sourceTree = "<group>"; };
/* End PBXFileReference section */

/* Begin PBXFrameworksBuildPhase section */
		A8DFF4FB2178EC170044A786 /* Frameworks */ = {
			isa = PBXFrameworksBuildPhase;
			buildActionMask = 2147483647;
			files = (
			);
			runOnlyForDeploymentPostprocessing = 0;
		};
/* End PBXFrameworksBuildPhase section */

/* Begin PBXGroup section */
		A8DFF4F52178EC170044A786 = {
			isa = PBXGroup;
			children = (
				A8DFF5002178EC170044A786 /* login Facebook */,
				A8DFF4FF2178EC170044A786 /* Products */,
			);
			sourceTree = "<group>";
		};
		A8DFF4FF2178EC170044A786 /* Products */ = {
			isa = PBXGroup;
			children = (
				A8DFF4FE2178EC170044A786 /* login Facebook.app */,
			);
			name = Products;
			sourceTree = "<group>";
		};
		A8DFF5002178EC170044A786 /* login Facebook */ = {
			isa = PBXGroup;
			children = (
				A8DFF5012178EC170044A786 /* AppDelegate.swift */,
				A8DFF5032178EC170044A786 /* ViewController.swift */,
				A8DFF5052178EC170044A786 /* Main.storyboard */,
				A8DFF50B2178EC170044A786 /* Assets.xcassets */,
				A8DFF50D2178EC170044A786 /* LaunchScreen.storyboard */,
				A8DFF5102178EC170044A786 /* Info.plist */,
				A8DFF5082178EC170044A786 /* login_Facebook.xcdatamodeld */,
				A82A375D217B5E6400D55C08 /* LOG INViewController.swift */,
				A82A375F217B5F0100D55C08 /* Create a facebook accoutViewController.swift */,
				A82A3761217B5F4100D55C08 /* Home ViewController.swift */,
			);
			path = "login Facebook";
			sourceTree = "<group>";
		};
/* End PBXGroup section */

/* Begin PBXNativeTarget section */
		A8DFF4FD2178EC170044A786 /* login Facebook */ = {
			isa = PBXNativeTarget;
			buildConfigurationList = A8DFF5132178EC170044A786 /* Build configuration list for PBXNativeTarget "login Facebook" */;
			buildPhases = (
				A8DFF4FA2178EC170044A786 /* Sources */,
				A8DFF4FB2178EC170044A786 /* Frameworks */,
				A8DFF4FC2178EC170044A786 /* Resources */,
			);
			buildRules = (
			);
			dependencies = (
			);
			name = "login Facebook";
			productName = "login Facebook";
			productReference = A8DFF4FE2178EC170044A786 /* login Facebook.app */;
			productType = "com.apple.product-type.application";
		};
/* End PBXNativeTarget section */

/* Begin PBXProject section */
		A8DFF4F62178EC170044A786 /* Project object */ = {
			isa = PBXProject;
			attributes = {
				LastSwiftUpdateCheck = 0920;
				LastUpgradeCheck = 0920;
				ORGANIZATIONNAME = mhr;
				TargetAttributes = {
					A8DFF4FD2178EC170044A786 = {
						CreatedOnToolsVersion = 9.2;
						ProvisioningStyle = Automatic;
					};
				};
			};
			buildConfigurationList = A8DFF4F92178EC170044A786 /* Build configuration list for PBXProject "login Facebook" */;
			compatibilityVersion = "Xcode 8.0";
			developmentRegion = en;
			hasScannedForEncodings = 0;
			knownRegions = (
				en,
				Base,
			);
			mainGroup = A8DFF4F52178EC170044A786;
			productRefGroup = A8DFF4FF2178EC170044A786 /* Products */;
			projectDirPath = "";
			projectRoot = "";
			targets = (
				A8DFF4FD2178EC170044A786 /* login Facebook */,
			);
		};
/* End PBXProject section */

/* Begin PBXResourcesBuildPhase section */
		A8DFF4FC2178EC170044A786 /* Resources */ = {
			isa = PBXResourcesBuildPhase;
			buildActionMask = 2147483647;
			files = (
				A8DFF50F2178EC170044A786 /* LaunchScreen.storyboard in Resources */,
				A8DFF50C2178EC170044A786 /* Assets.xcassets in Resources */,
				A8DFF5072178EC170044A786 /* Main.storyboard in Resources */,
			);
			runOnlyForDeploymentPostprocessing = 0;
		};
/* End PBXResourcesBuildPhase section */

/* Begin PBXSourcesBuildPhase section */
		A8DFF4FA2178EC170044A786 /* Sources */ = {
			isa = PBXSourcesBuildPhase;
			buildActionMask = 2147483647;
			files = (
				A82A3762217B5F4100D55C08 /* Home ViewController.swift in Sources */,
				A82A3760217B5F0100D55C08 /* Create a facebook accoutViewController.swift in Sources */,
				A8DFF50A2178EC170044A786 /* login_Facebook.xcdatamodeld in Sources */,
				A82A375E217B5E6400D55C08 /* LOG INViewController.swift in Sources */,
				A8DFF5042178EC170044A786 /* ViewController.swift in Sources */,
				A8DFF5022178EC170044A786 /* AppDelegate.swift in Sources */,
			);
			runOnlyForDeploymentPostprocessing = 0;
		};
/* End PBXSourcesBuildPhase section */

/* Begin PBXVariantGroup section */
		A8DFF5052178EC170044A786 /* Main.storyboard */ = {
			isa = PBXVariantGroup;
			children = (
				A8DFF5062178EC170044A786 /* Base */,
			);
			name = Main.storyboard;
			sourceTree = "<group>";
		};
		A8DFF50D2178EC170044A786 /* LaunchScreen.storyboard */ = {
			isa = PBXVariantGroup;
			children = (
				A8DFF50E2178EC170044A786 /* Base */,
			);
			name = LaunchScreen.storyboard;
			sourceTree = "<group>";
		};
/* End PBXVariantGroup section */

/* Begin XCBuildConfiguration section */
		A8DFF5112178EC170044A786 /* Debug */ = {
			isa = XCBuildConfiguration;
			buildSettings = {
				ALWAYS_SEARCH_USER_PATHS = NO;
				CLANG_ANALYZER_NONNULL = YES;
				CLANG_ANALYZER_NUMBER_OBJECT_CONVERSION = YES_AGGRESSIVE;
				CLANG_CXX_LANGUAGE_STANDARD = "gnu++14";
				CLANG_CXX_LIBRARY = "libc++";
				CLANG_ENABLE_MODULES = YES;
				CLANG_ENABLE_OBJC_ARC = YES;
				CLANG_WARN_BLOCK_CAPTURE_AUTORELEASING = YES;
				CLANG_WARN_BOOL_CONVERSION = YES;
				CLANG_WARN_COMMA = YES;
				CLANG_WARN_CONSTANT_CONVERSION = YES;
				CLANG_WARN_DIRECT_OBJC_ISA_USAGE = YES_ERROR;
				CLANG_WARN_DOCUMENTATION_COMMENTS = YES;
				CLANG_WARN_EMPTY_BODY = YES;
				CLANG_WARN_ENUM_CONVERSION = YES;
				CLANG_WARN_INFINITE_RECURSION = YES;
				CLANG_WARN_INT_CONVERSION = YES;
				CLANG_WARN_NON_LITERAL_NULL_CONVERSION = YES;
				CLANG_WARN_OBJC_LITERAL_CONVERSION = YES;
				CLANG_WARN_OBJC_ROOT_CLASS = YES_ERROR;
				CLANG_WARN_RANGE_LOOP_ANALYSIS = YES;
				CLANG_WARN_STRICT_PROTOTYPES = YES;
				CLANG_WARN_SUSPICIOUS_MOVE = YES;
				CLANG_WARN_UNGUARDED_AVAILABILITY = YES_AGGRESSIVE;
				CLANG_WARN_UNREACHABLE_CODE = YES;
				CLANG_WARN__DUPLICATE_METHOD_MATCH = YES;
				CODE_SIGN_IDENTITY = "iPhone Developer";
				COPY_PHASE_STRIP = NO;
				DEBUG_INFORMATION_FORMAT = dwarf;
				ENABLE_STRICT_OBJC_MSGSEND = YES;
				ENABLE_TESTABILITY = YES;
				GCC_C_LANGUAGE_STANDARD = gnu11;
				GCC_DYNAMIC_NO_PIC = NO;
				GCC_NO_COMMON_BLOCKS = YES;
				GCC_OPTIMIZATION_LEVEL = 0;
				GCC_PREPROCESSOR_DEFINITIONS = (
					"DEBUG=1",
					"$(inherited)",
				);
				GCC_WARN_64_TO_32_BIT_CONVERSION = YES;
				GCC_WARN_ABOUT_RETURN_TYPE = YES_ERROR;
				GCC_WARN_UNDECLARED_SELECTOR = YES;
				GCC_WARN_UNINITIALIZED_AUTOS = YES_AGGRESSIVE;
				GCC_WARN_UNUSED_FUNCTION = YES;
				GCC_WARN_UNUSED_VARIABLE = YES;
				IPHONEOS_DEPLOYMENT_TARGET = 11.2;
				MTL_ENABLE_DEBUG_INFO = YES;
				ONLY_ACTIVE_ARCH = YES;
				SDKROOT = iphoneos;
				SWIFT_ACTIVE_COMPILATION_CONDITIONS = DEBUG;
				SWIFT_OPTIMIZATION_LEVEL = "-Onone";
			};
			name = Debug;
		};
		A8DFF5122178EC170044A786 /* Release */ = {
			isa = XCBuildConfiguration;
			buildSettings = {
				ALWAYS_SEARCH_USER_PATHS = NO;
				CLANG_ANALYZER_NONNULL = YES;
				CLANG_ANALYZER_NUMBER_OBJECT_CONVERSION = YES_AGGRESSIVE;
				CLANG_CXX_LANGUAGE_STANDARD = "gnu++14";
				CLANG_CXX_LIBRARY = "libc++";
				CLANG_ENABLE_MODULES = YES;
				CLANG_ENABLE_OBJC_ARC = YES;
				CLANG_WARN_BLOCK_CAPTURE_AUTORELEASING = YES;
				CLANG_WARN_BOOL_CONVERSION = YES;
				CLANG_WARN_COMMA = YES;
				CLANG_WARN_CONSTANT_CONVERSION = YES;
				CLANG_WARN_DIRECT_OBJC_ISA_USAGE = YES_ERROR;
				CLANG_WARN_DOCUMENTATION_COMMENTS = YES;
				CLANG_WARN_EMPTY_BODY = YES;
				CLANG_WARN_ENUM_CONVERSION = YES;
				CLANG_WARN_INFINITE_RECURSION = YES;
				CLANG_WARN_INT_CONVERSION = YES;
				CLANG_WARN_NON_LITERAL_NULL_CONVERSION = YES;
				CLANG_WARN_OBJC_LITERAL_CONVERSION = YES;
				CLANG_WARN_OBJC_ROOT_CLASS = YES_ERROR;
				CLANG_WARN_RANGE_LOOP_ANALYSIS = YES;
				CLANG_WARN_STRICT_PROTOTYPES = YES;
				CLANG_WARN_SUSPICIOUS_MOVE = YES;
				CLANG_WARN_UNGUARDED_AVAILABILITY = YES_AGGRESSIVE;
				CLANG_WARN_UNREACHABLE_CODE = YES;
				CLANG_WARN__DUPLICATE_METHOD_MATCH = YES;
				CODE_SIGN_IDENTITY = "iPhone Developer";
				COPY_PHASE_STRIP = NO;
				DEBUG_INFORMATION_FORMAT = "dwarf-with-dsym";
				ENABLE_NS_ASSERTIONS = NO;
				ENABLE_STRICT_OBJC_MSGSEND = YES;
				GCC_C_LANGUAGE_STANDARD = gnu11;
				GCC_NO_COMMON_BLOCKS = YES;
				GCC_WARN_64_TO_32_BIT_CONVERSION = YES;
				GCC_WARN_ABOUT_RETURN_TYPE = YES_ERROR;
				GCC_WARN_UNDECLARED_SELECTOR = YES;
				GCC_WARN_UNINITIALIZED_AUTOS = YES_AGGRESSIVE;
				GCC_WARN_UNUSED_FUNCTION = YES;
				GCC_WARN_UNUSED_VARIABLE = YES;
				IPHONEOS_DEPLOYMENT_TARGET = 11.2;
				MTL_ENABLE_DEBUG_INFO = NO;
				SDKROOT = iphoneos;
				SWIFT_OPTIMIZATION_LEVEL = "-Owholemodule";
				VALIDATE_PRODUCT = YES;
			};
			name = Release;
		};
		A8DFF5142178EC170044A786 /* Debug */ = {
			isa = XCBuildConfiguration;
			buildSettings = {
				ASSETCATALOG_COMPILER_APPICON_NAME = AppIcon;
				CODE_SIGN_STYLE = Automatic;
				INFOPLIST_FILE = "login Facebook/Info.plist";
				LD_RUNPATH_SEARCH_PATHS = "$(inherited) @executable_path/Frameworks";
				PRODUCT_BUNDLE_IDENTIFIER = "Ahmed.login-Facebook";
				PRODUCT_NAME = "$(TARGET_NAME)";
				SWIFT_VERSION = 4.0;
				TARGETED_DEVICE_FAMILY = "1,2";
			};
			name = Debug;
		};
		A8DFF5152178EC170044A786 /* Release */ = {
			isa = XCBuildConfiguration;
			buildSettings = {
				ASSETCATALOG_COMPILER_APPICON_NAME = AppIcon;
				CODE_SIGN_STYLE = Automatic;
				INFOPLIST_FILE = "login Facebook/Info.plist";
				LD_RUNPATH_SEARCH_PATHS = "$(inherited) @executable_path/Frameworks";
				PRODUCT_BUNDLE_IDENTIFIER = "Ahmed.login-Facebook";
				PRODUCT_NAME = "$(TARGET_NAME)";
				SWIFT_VERSION = 4.0;
				TARGETED_DEVICE_FAMILY = "1,2";
			};
			name = Release;
		};
/* End XCBuildConfiguration section */

/* Begin XCConfigurationList section */
		A8DFF4F92178EC170044A786 /* Build configuration list for PBXProject "login Facebook" */ = {
			isa = XCConfigurationList;
			buildConfigurations = (
				A8DFF5112178EC170044A786 /* Debug */,
				A8DFF5122178EC170044A786 /* Release */,
			);
			defaultConfigurationIsVisible = 0;
			defaultConfigurationName = Release;
		};
		A8DFF5132178EC170044A786 /* Build configuration list for PBXNativeTarget "login Facebook" */ = {
			isa = XCConfigurationList;
			buildConfigurations = (
				A8DFF5142178EC170044A786 /* Debug */,
				A8DFF5152178EC170044A786 /* Release */,
			);
			defaultConfigurationIsVisible = 0;
			defaultConfigurationName = Release;
		};
/* End XCConfigurationList section */

/* Begin XCVersionGroup section */
		A8DFF5082178EC170044A786 /* login_Facebook.xcdatamodeld */ = {
			isa = XCVersionGroup;
			children = (
				A8DFF5092178EC170044A786 /* login_Facebook.xcdatamodel */,
			);
			currentVersion = A8DFF5092178EC170044A786 /* login_Facebook.xcdatamodel */;
			path = login_Facebook.xcdatamodeld;
			sourceTree = "<group>";
			versionGroupType = wrapper.xcdatamodel;
		};
/* End XCVersionGroup section */
	};
	rootObject = A8DFF4F62178EC170044A786 /* Project object */;
}
